
Microsoft Visual Studio Solution File, Format Version 12.00
# Visual Studio Version 16
VisualStudioVersion = 16.0.28803.156
MinimumVisualStudioVersion = 10.0.40219.1
Project("{FAE04EC0-301F-11D3-BF4B-00C04F79EFBC}") = "AirlineManagementSystem", "AirlineManagementSystem\AirlineManagementSystem.csproj", "{F2E5CCBB-B14D-4096-AD74-CBA198A24A0D}"
EndProject
Global
	GlobalSection(SolutionConfigurationPlatforms) = preSolution
		Debug|Any CPU = Debug|Any CPU
		Release|Any CPU = Release|Any CPU
	EndGlobalSection
	GlobalSection(ProjectConfigurationPlatforms) = postSolution
		{F2E5CCBB-B14D-4096-AD74-CBA198A24A0D}.Debug|Any CPU.ActiveCfg = Debug|Any CPU
		{F2E5CCBB-B14D-4096-AD74-CBA198A24A0D}.Debug|Any CPU.Build.0 = Debug|Any CPU
		{F2E5CCBB-B14D-4096-AD74-CBA198A24A0D}.Release|Any CPU.ActiveCfg = Release|Any CPU
		{F2E5CCBB-B14D-4096-AD74-CBA198A24A0D}.Release|Any CPU.Build.0 = Release|Any CPU
	EndGlobalSection
	GlobalSection(SolutionProperties) = preSolution
		HideSolutionNode = FALSE
	EndGlobalSection
	GlobalSection(ExtensibilityGlobals) = postSolution
		SolutionGuid = {62854570-B32A-4F40-B6CD-F2F74067B1B5}
	EndGlobalSection
EndGlobal
